
Microsoft Visual Studio Solution File, Format Version 12.00
# Visual Studio 15
Project("{FAE04EC0-301F-11D3-BF4B-00C04F79EFBC}") = "mmcs_schedule_app.Android", "mmcs_schedule_app.Android\mmcs_schedule_app.Android.csproj", "{33221B96-316F-4CB2-BB5D-FD30F0E1D7A6}"
EndProject
Project("{FAE04EC0-301F-11D3-BF4B-00C04F79EFBC}") = "mmcs_schedule_app.iOS", "mmcs_schedule_app.iOS\mmcs_schedule_app.iOS.csproj", "{5180AE0E-BBBF-4168-8991-B2B77117A1C3}"
EndProject
Project("{FAE04EC0-301F-11D3-BF4B-00C04F79EFBC}") = "mmcs_schedule_app", "mmcs_schedule_app\mmcs_schedule_app.csproj", "{6C8F09CD-2A15-45E5-8BEE-FE7C518EE693}"
EndProject
Global
	GlobalSection(SolutionConfigurationPlatforms) = preSolution
		Debug|Any CPU = Debug|Any CPU
		Release|Any CPU = Release|Any CPU
		Debug|iPhoneSimulator = Debug|iPhoneSimulator
		Release|iPhoneSimulator = Release|iPhoneSimulator
		Debug|iPhone = Debug|iPhone
		Release|iPhone = Release|iPhone
	EndGlobalSection
	GlobalSection(ProjectConfigurationPlatforms) = postSolution
		{33221B96-316F-4CB2-BB5D-FD30F0E1D7A6}.Debug|Any CPU.ActiveCfg = Debug|Any CPU
		{33221B96-316F-4CB2-BB5D-FD30F0E1D7A6}.Debug|Any CPU.Build.0 = Debug|Any CPU
		{33221B96-316F-4CB2-BB5D-FD30F0E1D7A6}.Release|Any CPU.ActiveCfg = Release|Any CPU
		{33221B96-316F-4CB2-BB5D-FD30F0E1D7A6}.Release|Any CPU.Build.0 = Release|Any CPU
		{33221B96-316F-4CB2-BB5D-FD30F0E1D7A6}.Debug|iPhoneSimulator.ActiveCfg = Debug|Any CPU
		{33221B96-316F-4CB2-BB5D-FD30F0E1D7A6}.Debug|iPhoneSimulator.Build.0 = Debug|Any CPU
		{33221B96-316F-4CB2-BB5D-FD30F0E1D7A6}.Release|iPhoneSimulator.ActiveCfg = Release|Any CPU
		{33221B96-316F-4CB2-BB5D-FD30F0E1D7A6}.Release|iPhoneSimulator.Build.0 = Release|Any CPU
		{33221B96-316F-4CB2-BB5D-FD30F0E1D7A6}.Debug|iPhone.ActiveCfg = Debug|Any CPU
		{33221B96-316F-4CB2-BB5D-FD30F0E1D7A6}.Debug|iPhone.Build.0 = Debug|Any CPU
		{33221B96-316F-4CB2-BB5D-FD30F0E1D7A6}.Release|iPhone.ActiveCfg = Release|Any CPU
		{33221B96-316F-4CB2-BB5D-FD30F0E1D7A6}.Release|iPhone.Build.0 = Release|Any CPU
		{5180AE0E-BBBF-4168-8991-B2B77117A1C3}.Debug|Any CPU.ActiveCfg = Debug|iPhoneSimulator
		{5180AE0E-BBBF-4168-8991-B2B77117A1C3}.Debug|Any CPU.Build.0 = Debug|iPhoneSimulator
		{5180AE0E-BBBF-4168-8991-B2B77117A1C3}.Release|Any CPU.ActiveCfg = Release|iPhoneSimulator
		{5180AE0E-BBBF-4168-8991-B2B77117A1C3}.Release|Any CPU.Build.0 = Release|iPhoneSimulator
		{5180AE0E-BBBF-4168-8991-B2B77117A1C3}.Debug|iPhoneSimulator.ActiveCfg = Debug|iPhoneSimulator
		{5180AE0E-BBBF-4168-8991-B2B77117A1C3}.Debug|iPhoneSimulator.Build.0 = Debug|iPhoneSimulator
		{5180AE0E-BBBF-4168-8991-B2B77117A1C3}.Release|iPhoneSimulator.ActiveCfg = Release|iPhoneSimulator
		{5180AE0E-BBBF-4168-8991-B2B77117A1C3}.Release|iPhoneSimulator.Build.0 = Release|iPhoneSimulator
		{5180AE0E-BBBF-4168-8991-B2B77117A1C3}.Debug|iPhone.ActiveCfg = Debug|iPhone
		{5180AE0E-BBBF-4168-8991-B2B77117A1C3}.Debug|iPhone.Build.0 = Debug|iPhone
		{5180AE0E-BBBF-4168-8991-B2B77117A1C3}.Release|iPhone.ActiveCfg = Release|iPhone
		{5180AE0E-BBBF-4168-8991-B2B77117A1C3}.Release|iPhone.Build.0 = Release|iPhone
		{6C8F09CD-2A15-45E5-8BEE-FE7C518EE693}.Debug|Any CPU.ActiveCfg = Debug|Any CPU
		{6C8F09CD-2A15-45E5-8BEE-FE7C518EE693}.Debug|Any CPU.Build.0 = Debug|Any CPU
		{6C8F09CD-2A15-45E5-8BEE-FE7C518EE693}.Release|Any CPU.ActiveCfg = Release|Any CPU
		{6C8F09CD-2A15-45E5-8BEE-FE7C518EE693}.Release|Any CPU.Build.0 = Release|Any CPU
		{6C8F09CD-2A15-45E5-8BEE-FE7C518EE693}.Debug|iPhoneSimulator.ActiveCfg = Debug|Any CPU
		{6C8F09CD-2A15-45E5-8BEE-FE7C518EE693}.Debug|iPhoneSimulator.Build.0 = Debug|Any CPU
		{6C8F09CD-2A15-45E5-8BEE-FE7C518EE693}.Release|iPhoneSimulator.ActiveCfg = Release|Any CPU
		{6C8F09CD-2A15-45E5-8BEE-FE7C518EE693}.Release|iPhoneSimulator.Build.0 = Release|Any CPU
		{6C8F09CD-2A15-45E5-8BEE-FE7C518EE693}.Debug|iPhone.ActiveCfg = Debug|Any CPU
		{6C8F09CD-2A15-45E5-8BEE-FE7C518EE693}.Debug|iPhone.Build.0 = Debug|Any CPU
		{6C8F09CD-2A15-45E5-8BEE-FE7C518EE693}.Release|iPhone.ActiveCfg = Release|Any CPU
		{6C8F09CD-2A15-45E5-8BEE-FE7C518EE693}.Release|iPhone.Build.0 = Release|Any CPU
	EndGlobalSection
EndGlobal
