Microsoft Visual Studio Solution File, Format Version 12.00
# Visual Studio Version 17
VisualStudioVersion = 17.13.35931.197 d17.13
MinimumVisualStudioVersion = 10.0.40219.1
Project("{FAE04EC0-301F-11D3-BF4B-00C04F79EFBC}") = "mmcs_schedule_app", "mmcs_schedule_app\mmcs_schedule_app.csproj", "{F845D8C2-FD32-4C8D-A1E1-0FD407069A7C}"
EndProject
Project("{FAE04EC0-301F-11D3-BF4B-00C04F79EFBC}") = "mmcs_schedule_app.Android", "mmcs_schedule_app.Android\mmcs_schedule_app.Android.csproj", "{3850C2F9-3DE7-4D50-8093-C77DBBA89BD7}"
EndProject
Project("{FAE04EC0-301F-11D3-BF4B-00C04F79EFBC}") = "mmcs_schedule_app.iOS", "mmcs_schedule_app.iOS\mmcs_schedule_app.iOS.csproj", "{6CDA9F22-D207-4701-BBCF-5C93DAC66199}"
EndProject
Global
	GlobalSection(SolutionConfigurationPlatforms) = preSolution
		Debug|Any CPU = Debug|Any CPU
		Release|Any CPU = Release|Any CPU
	EndGlobalSection
	GlobalSection(ProjectConfigurationPlatforms) = postSolution
		{F845D8C2-FD32-4C8D-A1E1-0FD407069A7C}.Debug|Any CPU.ActiveCfg = Debug|Any CPU
		{F845D8C2-FD32-4C8D-A1E1-0FD407069A7C}.Debug|Any CPU.Build.0 = Debug|Any CPU
		{F845D8C2-FD32-4C8D-A1E1-0FD407069A7C}.Release|Any CPU.ActiveCfg = Release|Any CPU
		{F845D8C2-FD32-4C8D-A1E1-0FD407069A7C}.Release|Any CPU.Build.0 = Release|Any CPU
		{3850C2F9-3DE7-4D50-8093-C77DBBA89BD7}.Debug|Any CPU.ActiveCfg = Debug|Any CPU
		{3850C2F9-3DE7-4D50-8093-C77DBBA89BD7}.Debug|Any CPU.Build.0 = Debug|Any CPU
		{3850C2F9-3DE7-4D50-8093-C77DBBA89BD7}.Debug|Any CPU.Deploy.0 = Debug|Any CPU
		{3850C2F9-3DE7-4D50-8093-C77DBBA89BD7}.Release|Any CPU.ActiveCfg = Release|Any CPU
		{3850C2F9-3DE7-4D50-8093-C77DBBA89BD7}.Release|Any CPU.Build.0 = Release|Any CPU
		{3850C2F9-3DE7-4D50-8093-C77DBBA89BD7}.Release|Any CPU.Deploy.0 = Release|Any CPU
		{6CDA9F22-D207-4701-BBCF-5C93DAC66199}.Debug|Any CPU.ActiveCfg = Debug|Any CPU
		{6CDA9F22-D207-4701-BBCF-5C93DAC66199}.Debug|Any CPU.Build.0 = Debug|Any CPU
		{6CDA9F22-D207-4701-BBCF-5C93DAC66199}.Debug|Any CPU.Deploy.0 = Debug|Any CPU
		{6CDA9F22-D207-4701-BBCF-5C93DAC66199}.Release|Any CPU.ActiveCfg = Release|Any CPU
		{6CDA9F22-D207-4701-BBCF-5C93DAC66199}.Release|Any CPU.Build.0 = Release|Any CPU
		{6CDA9F22-D207-4701-BBCF-5C93DAC66199}.Release|Any CPU.Deploy.0 = Release|Any CPU
	EndGlobalSection
	GlobalSection(SolutionProperties) = preSolution
		HideSolutionNode = FALSE
	EndGlobalSection
	GlobalSection(ExtensibilityGlobals) = postSolution
		SolutionGuid = {C13DFD66-8BCA-419A-B9E1-BBD43CC685CF}
	EndGlobalSection
EndGlobal
